
Microsoft Visual Studio Solution File, Format Version 12.00
# Visual Studio Version 16
VisualStudioVersion = 16.0.32428.217
MinimumVisualStudioVersion = 10.0.40219.1
Project("{FAE04EC0-301F-11D3-BF4B-00C04F79EFBC}") = "PractoFinal", "PractoFinal\PractoFinal.csproj", "{A1B832F5-7FD4-40A9-8FEF-453B2608740F}"
EndProject
Global
	GlobalSection(SolutionConfigurationPlatforms) = preSolution
		Debug|Any CPU = Debug|Any CPU
		Release|Any CPU = Release|Any CPU
	EndGlobalSection
	GlobalSection(ProjectConfigurationPlatforms) = postSolution
		{A1B832F5-7FD4-40A9-8FEF-453B2608740F}.Debug|Any CPU.ActiveCfg = Debug|Any CPU
		{A1B832F5-7FD4-40A9-8FEF-453B2608740F}.Debug|Any CPU.Build.0 = Debug|Any CPU
		{A1B832F5-7FD4-40A9-8FEF-453B2608740F}.Release|Any CPU.ActiveCfg = Release|Any CPU
		{A1B832F5-7FD4-40A9-8FEF-453B2608740F}.Release|Any CPU.Build.0 = Release|Any CPU
	EndGlobalSection
	GlobalSection(SolutionProperties) = preSolution
		HideSolutionNode = FALSE
	EndGlobalSection
	GlobalSection(ExtensibilityGlobals) = postSolution
		SolutionGuid = {696C5F42-718F-48C7-AFC7-FD466A110522}
	EndGlobalSection
EndGlobal
